version = 1
revision = 3
requires-python = ">=3.10"

[[package]]
name = "bolena-simplified"
version = "0.1.0"
source = { virtual = "." }
dependencies = [
    { name = "imapclient" },
]

[package.metadata]
requires-dist = [{ name = "imapclient", specifier = ">=3.0.1" }]

[[package]]
name = "imapclient"
version = "3.1.0"
source = { registry = "https://pypi.org/simple" }
sdist = { url = "https://files.pythonhosted.org/packages/58/79/8138f8c91e791f49cf4c2269b1eaaaddb93013d162e92ddc249b84d38105/imapclient-3.1.0.tar.gz", hash = "sha256:b0413a516ffcc4b4d69f2c611c0e95da57968edf5a5c78ac82d1bf882305facc", size = 199675, upload-time = "2026-01-17T18:50:12.186Z" }
wheels = [
    { url = "https://files.pythonhosted.org/packages/8a/a8/a0f86ed51f792d9e6afcc062db2766033be7d1028d1fd5deaf38b075430a/imapclient-3.1.0-py2.py3-none-any.whl", hash = "sha256:34c192ffe82936e940a998ac89c474296942cd7c4f6c208f0fccfcd972946038", size = 182536, upload-time = "2026-01-17T18:49:09.105Z" },
]
